
Microsoft Visual Studio Solution File, Format Version 12.00
# Visual Studio Version 17
VisualStudioVersion = 17.4.33205.214
MinimumVisualStudioVersion = 10.0.40219.1
Project("{FAE04EC0-301F-11D3-BF4B-00C04F79EFBC}") = "MAU2Assignment", "MAU2Excersises\MAU2Assignment.csproj", "{0B42EA67-C1AB-4B6D-AE26-0185A26F49E7}"
EndProject
Global
	GlobalSection(SolutionConfigurationPlatforms) = preSolution
		Debug|Any CPU = Debug|Any CPU
		Release|Any CPU = Release|Any CPU
	EndGlobalSection
	GlobalSection(ProjectConfigurationPlatforms) = postSolution
		{0B42EA67-C1AB-4B6D-AE26-0185A26F49E7}.Debug|Any CPU.ActiveCfg = Debug|Any CPU
		{0B42EA67-C1AB-4B6D-AE26-0185A26F49E7}.Debug|Any CPU.Build.0 = Debug|Any CPU
		{0B42EA67-C1AB-4B6D-AE26-0185A26F49E7}.Release|Any CPU.ActiveCfg = Release|Any CPU
		{0B42EA67-C1AB-4B6D-AE26-0185A26F49E7}.Release|Any CPU.Build.0 = Release|Any CPU
	EndGlobalSection
	GlobalSection(SolutionProperties) = preSolution
		HideSolutionNode = FALSE
	EndGlobalSection
	GlobalSection(ExtensibilityGlobals) = postSolution
		SolutionGuid = {A5ABEDBC-7CFF-4C5A-8180-66CF3128AA04}
	EndGlobalSection
EndGlobal
